{
  "requires": true,
  "lockfileVersion": 1,
  "dependencies": {
    "react-webcam": {
      "version": "5.0.0",
      "resolved": "https://registry.npmjs.org/react-webcam/-/react-webcam-5.0.0.tgz",
      "integrity": "sha512-q0IzkXPtKQ/lHvhfeYQNjhmvwC2ItpquN0vPsIXcZDvrXn8c+cMszkNeS2i5/tDhjVUEIoS5Al0ZEhyrmQ4I3A=="
    }
  }
}
